
Microsoft Visual Studio Solution File, Format Version 12.00
# Visual Studio Version 16
VisualStudioVersion = 16.0.31702.278
MinimumVisualStudioVersion = 10.0.40219.1
Project("{FAE04EC0-301F-11D3-BF4B-00C04F79EFBC}") = "Spg.ProjecctDoctor.Backend", "Spg.ProjecctDoctor.Backend\Spg.ProjecctDoctor.Backend.csproj", "{98C1E4F4-288A-4048-A705-9BE5A6C94FC3}"
EndProject
Global
	GlobalSection(SolutionConfigurationPlatforms) = preSolution
		Debug|Any CPU = Debug|Any CPU
		Release|Any CPU = Release|Any CPU
	EndGlobalSection
	GlobalSection(ProjectConfigurationPlatforms) = postSolution
		{98C1E4F4-288A-4048-A705-9BE5A6C94FC3}.Debug|Any CPU.ActiveCfg = Debug|Any CPU
		{98C1E4F4-288A-4048-A705-9BE5A6C94FC3}.Debug|Any CPU.Build.0 = Debug|Any CPU
		{98C1E4F4-288A-4048-A705-9BE5A6C94FC3}.Release|Any CPU.ActiveCfg = Release|Any CPU
		{98C1E4F4-288A-4048-A705-9BE5A6C94FC3}.Release|Any CPU.Build.0 = Release|Any CPU
	EndGlobalSection
	GlobalSection(SolutionProperties) = preSolution
		HideSolutionNode = FALSE
	EndGlobalSection
	GlobalSection(ExtensibilityGlobals) = postSolution
		SolutionGuid = {5AF42741-1B54-4454-9C21-F509A60935F8}
	EndGlobalSection
EndGlobal
